
Microsoft Visual Studio Solution File, Format Version 12.00
# Visual Studio Version 16
VisualStudioVersion = 16.0.28606.126
MinimumVisualStudioVersion = 10.0.40219.1
Project("{9A19103F-16F7-4668-BE54-9A1E7A4F7556}") = "Tailwind.Traders.Web", "Tailwind.Traders.Web\Tailwind.Traders.Web.csproj", "{6148DD0E-9240-44E0-A539-99AEA88A44BE}"
EndProject
Project("{FAE04EC0-301F-11D3-BF4B-00C04F79EFBC}") = "Tailwind.Traders.Web.Tests", "Tailwind.Traders.Web.Tests\Tailwind.Traders.Web.Tests.csproj", "{CEA2EBE9-61D2-4D85-A714-53ED48090FB3}"
EndProject
Global
	GlobalSection(SolutionConfigurationPlatforms) = preSolution
		Debug|Any CPU = Debug|Any CPU
		Release|Any CPU = Release|Any CPU
	EndGlobalSection
	GlobalSection(ProjectConfigurationPlatforms) = postSolution
		{6148DD0E-9240-44E0-A539-99AEA88A44BE}.Debug|Any CPU.ActiveCfg = Debug|Any CPU
		{6148DD0E-9240-44E0-A539-99AEA88A44BE}.Debug|Any CPU.Build.0 = Debug|Any CPU
		{6148DD0E-9240-44E0-A539-99AEA88A44BE}.Release|Any CPU.ActiveCfg = Release|Any CPU
		{6148DD0E-9240-44E0-A539-99AEA88A44BE}.Release|Any CPU.Build.0 = Release|Any CPU
		{CEA2EBE9-61D2-4D85-A714-53ED48090FB3}.Debug|Any CPU.ActiveCfg = Debug|Any CPU
		{CEA2EBE9-61D2-4D85-A714-53ED48090FB3}.Debug|Any CPU.Build.0 = Debug|Any CPU
		{CEA2EBE9-61D2-4D85-A714-53ED48090FB3}.Release|Any CPU.ActiveCfg = Release|Any CPU
		{CEA2EBE9-61D2-4D85-A714-53ED48090FB3}.Release|Any CPU.Build.0 = Release|Any CPU
	EndGlobalSection
	GlobalSection(SolutionProperties) = preSolution
		HideSolutionNode = FALSE
	EndGlobalSection
	GlobalSection(ExtensibilityGlobals) = postSolution
		SolutionGuid = {F7C1827B-E832-407C-A48F-AA7988DD4308}
	EndGlobalSection
EndGlobal
